
Microsoft Visual Studio Solution File, Format Version 12.00
# Visual Studio 15
VisualStudioVersion = 15.0.26730.16
MinimumVisualStudioVersion = 10.0.40219.1
Project("{FAE04EC0-301F-11D3-BF4B-00C04F79EFBC}") = "SampleEvent", "SampleEvent\SampleEvent.csproj", "{8FACD451-EC98-4175-BAF2-B993472434BE}"
EndProject
Project("{FAE04EC0-301F-11D3-BF4B-00C04F79EFBC}") = "Test", "Test\Test.csproj", "{C6692511-90E3-47A6-999B-A3F2F4958FEE}"
EndProject
Global
	GlobalSection(SolutionConfigurationPlatforms) = preSolution
		Debug|Any CPU = Debug|Any CPU
		Release|Any CPU = Release|Any CPU
	EndGlobalSection
	GlobalSection(ProjectConfigurationPlatforms) = postSolution
		{8FACD451-EC98-4175-BAF2-B993472434BE}.Debug|Any CPU.ActiveCfg = Debug|Any CPU
		{8FACD451-EC98-4175-BAF2-B993472434BE}.Debug|Any CPU.Build.0 = Debug|Any CPU
		{8FACD451-EC98-4175-BAF2-B993472434BE}.Release|Any CPU.ActiveCfg = Release|Any CPU
		{8FACD451-EC98-4175-BAF2-B993472434BE}.Release|Any CPU.Build.0 = Release|Any CPU
		{C6692511-90E3-47A6-999B-A3F2F4958FEE}.Debug|Any CPU.ActiveCfg = Debug|Any CPU
		{C6692511-90E3-47A6-999B-A3F2F4958FEE}.Debug|Any CPU.Build.0 = Debug|Any CPU
		{C6692511-90E3-47A6-999B-A3F2F4958FEE}.Release|Any CPU.ActiveCfg = Release|Any CPU
		{C6692511-90E3-47A6-999B-A3F2F4958FEE}.Release|Any CPU.Build.0 = Release|Any CPU
	EndGlobalSection
	GlobalSection(SolutionProperties) = preSolution
		HideSolutionNode = FALSE
	EndGlobalSection
	GlobalSection(ExtensibilityGlobals) = postSolution
		SolutionGuid = {128635CB-DE36-4CD9-AF4A-EF7AAF8096FB}
	EndGlobalSection
EndGlobal
